
Microsoft Visual Studio Solution File, Format Version 12.00
# Visual Studio Version 16
VisualStudioVersion = 16.0.29409.12
MinimumVisualStudioVersion = 10.0.40219.1
Project("{FAE04EC0-301F-11D3-BF4B-00C04F79EFBC}") = "Voicify.Sdk.Core.Models", "Voicify.Sdk.Core.Models\Voicify.Sdk.Core.Models.csproj", "{21B158B2-00AC-45F7-AB5D-02B1F221FEC8}"
EndProject
Global
	GlobalSection(SolutionConfigurationPlatforms) = preSolution
		Debug|Any CPU = Debug|Any CPU
		Release|Any CPU = Release|Any CPU
	EndGlobalSection
	GlobalSection(ProjectConfigurationPlatforms) = postSolution
		{21B158B2-00AC-45F7-AB5D-02B1F221FEC8}.Debug|Any CPU.ActiveCfg = Debug|Any CPU
		{21B158B2-00AC-45F7-AB5D-02B1F221FEC8}.Debug|Any CPU.Build.0 = Debug|Any CPU
		{21B158B2-00AC-45F7-AB5D-02B1F221FEC8}.Release|Any CPU.ActiveCfg = Release|Any CPU
		{21B158B2-00AC-45F7-AB5D-02B1F221FEC8}.Release|Any CPU.Build.0 = Release|Any CPU
	EndGlobalSection
	GlobalSection(SolutionProperties) = preSolution
		HideSolutionNode = FALSE
	EndGlobalSection
	GlobalSection(ExtensibilityGlobals) = postSolution
		SolutionGuid = {72297A96-B8E6-46B6-82A7-668CE8BB42E1}
	EndGlobalSection
EndGlobal
